<?xml version="1.0" encoding="utf-8"?>
<Project ToolsVersion="4.0" xmlns="http://schemas.microsoft.com/developer/msbuild/2003">
  <ItemGroup>
    <Filter Include="win32">
      <UniqueIdentifier>{84a8ebd7-7cf0-47f6-b75e-d441df67da40}</UniqueIdentifier>
    </Filter>
    <Filter Include="resource">
      <UniqueIdentifier>{715254bc-d70b-4ec5-bf29-467dd3ace079}</UniqueIdentifier>
    </Filter>
    <Filter Include="src">
      <UniqueIdentifier>{bb6c862e-70e9-49d9-81b7-3829a6f50471}</UniqueIdentifier>
    </Filter>
  </ItemGroup>
  <ItemGroup>
    <ClCompile Include="main.cpp">
      <Filter>win32</Filter>
    </ClCompile>
    <ClCompile Include="..\Classes\AppDelegate.cpp">
      <Filter>src</Filter>
    </ClCompile>
    <ClCompile Include="..\Classes\HelloWorldScene.cpp">
      <Filter>src</Filter>
    </ClCompile>
    <ClCompile Include="..\Classes\baseBlock.cpp">
      <Filter>src</Filter>
    </ClCompile>
    <ClCompile Include="..\Classes\baseLevel.cpp">
      <Filter>src</Filter>
    </ClCompile>
    <ClCompile Include="..\Classes\bullet.cpp">
      <Filter>src</Filter>
    </ClCompile>
    <ClCompile Include="..\Classes\dianmei.cpp">
      <Filter>src</Filter>
    </ClCompile>
    <ClCompile Include="..\Classes\enemy.cpp">
      <Filter>src</Filter>
    </ClCompile>
    <ClCompile Include="..\Classes\enemy1.cpp">
      <Filter>src</Filter>
    </ClCompile>
    <ClCompile Include="..\Classes\enemy2.cpp">
      <Filter>src</Filter>
    </ClCompile>
    <ClCompile Include="..\Classes\enemy3.cpp">
      <Filter>src</Filter>
    </ClCompile>
    <ClCompile Include="..\Classes\GameSaveManager.cpp">
      <Filter>src</Filter>
    </ClCompile>
    <ClCompile Include="..\Classes\level_1.cpp">
      <Filter>src</Filter>
    </ClCompile>
    <ClCompile Include="..\Classes\level_2.cpp">
      <Filter>src</Filter>
    </ClCompile>
    <ClCompile Include="..\Classes\p.cpp">
      <Filter>src</Filter>
    </ClCompile>
    <ClCompile Include="..\Classes\r99.cpp">
      <Filter>src</Filter>
    </ClCompile>
    <ClCompile Include="..\Classes\testScene.cpp">
      <Filter>src</Filter>
    </ClCompile>
    <ClCompile Include="..\Classes\tower.cpp">
      <Filter>src</Filter>
    </ClCompile>
    <ClCompile Include="..\Classes\zzytestscene.cpp">
      <Filter>src</Filter>
    </ClCompile>
  </ItemGroup>
  <ItemGroup>
    <ClInclude Include="main.h">
      <Filter>win32</Filter>
    </ClInclude>
    <ClInclude Include="..\Classes\AppDelegate.h">
      <Filter>src</Filter>
    </ClInclude>
    <ClInclude Include="..\Classes\HelloWorldScene.h">
      <Filter>src</Filter>
    </ClInclude>
    <ClInclude Include="..\Classes\baseBlock.h">
      <Filter>src</Filter>
    </ClInclude>
    <ClInclude Include="..\Classes\baseLevel.h">
      <Filter>src</Filter>
    </ClInclude>
    <ClInclude Include="..\Classes\bullet.h">
      <Filter>src</Filter>
    </ClInclude>
    <ClInclude Include="..\Classes\dianmei.h">
      <Filter>src</Filter>
    </ClInclude>
    <ClInclude Include="..\Classes\enemy.h">
      <Filter>src</Filter>
    </ClInclude>
    <ClInclude Include="..\Classes\enemy1.h">
      <Filter>src</Filter>
    </ClInclude>
    <ClInclude Include="..\Classes\enemy2.h">
      <Filter>src</Filter>
    </ClInclude>
    <ClInclude Include="..\Classes\enemy3.h">
      <Filter>src</Filter>
    </ClInclude>
    <ClInclude Include="..\Classes\GameSaveManager.h">
      <Filter>src</Filter>
    </ClInclude>
    <ClInclude Include="..\Classes\level_1.h">
      <Filter>src</Filter>
    </ClInclude>
    <ClInclude Include="..\Classes\level_2.h">
      <Filter>src</Filter>
    </ClInclude>
    <ClInclude Include="..\Classes\p.h">
      <Filter>src</Filter>
    </ClInclude>
    <ClInclude Include="..\Classes\r99.h">
      <Filter>src</Filter>
    </ClInclude>
    <ClInclude Include="..\Classes\testScene.h">
      <Filter>src</Filter>
    </ClInclude>
    <ClInclude Include="..\Classes\tower.h">
      <Filter>src</Filter>
    </ClInclude>
    <ClInclude Include="..\Classes\zzytestscene.h">
      <Filter>src</Filter>
    </ClInclude>
  </ItemGroup>
  <ItemGroup>
    <ResourceCompile Include="game.rc">
      <Filter>resource</Filter>
    </ResourceCompile>
  </ItemGroup>
</Project>