<?xml version="1.0" encoding="utf-8"?>
<Project ToolsVersion="4.0" xmlns="http://schemas.microsoft.com/developer/msbuild/2003">
  <ItemGroup>
    <Filter Include="win32">
      <UniqueIdentifier>{84a8ebd7-7cf0-47f6-b75e-d441df67da40}</UniqueIdentifier>
    </Filter>
    <Filter Include="resource">
      <UniqueIdentifier>{715254bc-d70b-4ec5-bf29-467dd3ace079}</UniqueIdentifier>
    </Filter>
    <Filter Include="src">
      <UniqueIdentifier>{bb6c862e-70e9-49d9-81b7-3829a6f50471}</UniqueIdentifier>
    </Filter>
    <Filter Include="src\Enemies">
      <UniqueIdentifier>{2cb85ae2-dd62-4d85-a594-f1f6e8e5ada9}</UniqueIdentifier>
    </Filter>
    <Filter Include="src\Enemies\Factories">
      <UniqueIdentifier>{328b74b5-d4f7-4a7c-bd62-c03f332870a1}</UniqueIdentifier>
    </Filter>
    <Filter Include="src\Block">
      <UniqueIdentifier>{e1accc14-13db-43ba-ae60-3b48fe6eaf54}</UniqueIdentifier>
    </Filter>
    <Filter Include="src\GameSaveManager">
      <UniqueIdentifier>{86199364-b51d-4bf8-b30b-3df47abfa92b}</UniqueIdentifier>
    </Filter>
    <Filter Include="src\Level">
      <UniqueIdentifier>{e1d2a6c0-933f-4a13-9dd8-e9a1696eb796}</UniqueIdentifier>
    </Filter>
    <Filter Include="src\Tower">
      <UniqueIdentifier>{eeb5cef0-07db-46ae-a40c-664cc29e5673}</UniqueIdentifier>
    </Filter>
    <Filter Include="src\Bullet">
      <UniqueIdentifier>{e6d495c3-eec7-4b63-a0c9-8adfa61f5057}</UniqueIdentifier>
    </Filter>
  </ItemGroup>
  <ItemGroup>
    <ClCompile Include="main.cpp">
      <Filter>win32</Filter>
    </ClCompile>
    <ClCompile Include="..\Classes\AppDelegate.cpp">
      <Filter>src</Filter>
    </ClCompile>
    <ClCompile Include="..\Classes\HelloWorldScene.cpp">
      <Filter>src</Filter>
    </ClCompile>
    <ClCompile Include="..\Classes\GameSaveManager\GameSaveManager.cpp">
      <Filter>src\GameSaveManager</Filter>
    </ClCompile>
    <ClCompile Include="..\Classes\Block\baseBlock.cpp">
      <Filter>src\Block</Filter>
    </ClCompile>
    <ClCompile Include="..\Classes\Level\baseLevel.cpp">
      <Filter>src\Level</Filter>
    </ClCompile>
    <ClCompile Include="..\Classes\Level\level_1.cpp">
      <Filter>src\Level</Filter>
    </ClCompile>
    <ClCompile Include="..\Classes\Level\level_2.cpp">
      <Filter>src\Level</Filter>
    </ClCompile>
    <ClCompile Include="..\Classes\Bullet\Bullet.cpp">
      <Filter>src\Bullet</Filter>
    </ClCompile>
    <ClCompile Include="..\Classes\Enemies\Factories\BossEnemyFactory.cpp">
      <Filter>src\Enemies\Factories</Filter>
    </ClCompile>
    <ClCompile Include="..\Classes\Enemies\Factories\SoldierEnemyFactory.cpp">
      <Filter>src\Enemies\Factories</Filter>
    </ClCompile>
    <ClCompile Include="..\Classes\Enemies\Factories\TankEnemyFactory.cpp">
      <Filter>src\Enemies\Factories</Filter>
    </ClCompile>
    <ClCompile Include="..\Classes\Enemies\BossEnemy.cpp">
      <Filter>src\Enemies</Filter>
    </ClCompile>
    <ClCompile Include="..\Classes\Enemies\Enemy.cpp">
      <Filter>src\Enemies</Filter>
    </ClCompile>
    <ClCompile Include="..\Classes\Enemies\SoldierEnemy.cpp">
      <Filter>src\Enemies</Filter>
    </ClCompile>
    <ClCompile Include="..\Classes\Enemies\TankEnemy.cpp">
      <Filter>src\Enemies</Filter>
    </ClCompile>
    <ClCompile Include="..\Classes\Tower\EnemyNotifyManager.cpp">
      <Filter>src\Tower</Filter>
    </ClCompile>
    <ClCompile Include="..\Classes\Bullet\ExplodeDecorator.cpp">
      <Filter>src\Bullet</Filter>
    </ClCompile>
    <ClCompile Include="..\Classes\Bullet\NoxDecorator.cpp">
      <Filter>src\Bullet</Filter>
    </ClCompile>
    <ClCompile Include="..\Classes\Bullet\BulletFactory.cpp">
      <Filter>src\Bullet</Filter>
    </ClCompile>
    <ClCompile Include="..\Classes\Tower\FlameTower.cpp">
      <Filter>src\Tower</Filter>
    </ClCompile>
    <ClCompile Include="..\Classes\Tower\FrostTower.cpp">
      <Filter>src\Tower</Filter>
    </ClCompile>
    <ClCompile Include="..\Classes\Tower\ElectroTower.cpp">
      <Filter>src\Tower</Filter>
    </ClCompile>
    <ClCompile Include="..\Classes\Tower\Tower.cpp">
      <Filter>src\Tower</Filter>
    </ClCompile>
  </ItemGroup>
  <ItemGroup>
    <ClInclude Include="main.h">
      <Filter>win32</Filter>
    </ClInclude>
    <ClInclude Include="..\Classes\AppDelegate.h">
      <Filter>src</Filter>
    </ClInclude>
    <ClInclude Include="..\Classes\HelloWorldScene.h">
      <Filter>src</Filter>
    </ClInclude>
    <ClInclude Include="..\Classes\GameSaveManager\GameSaveManager.h">
      <Filter>src\GameSaveManager</Filter>
    </ClInclude>
    <ClInclude Include="..\Classes\Block\baseBlock.h">
      <Filter>src\Block</Filter>
    </ClInclude>
    <ClInclude Include="..\Classes\Level\baseLevel.h">
      <Filter>src\Level</Filter>
    </ClInclude>
    <ClInclude Include="..\Classes\Level\level_1.h">
      <Filter>src\Level</Filter>
    </ClInclude>
    <ClInclude Include="..\Classes\Level\level_2.h">
      <Filter>src\Level</Filter>
    </ClInclude>
    <ClInclude Include="..\Classes\Bullet\Bullet.h">
      <Filter>src\Bullet</Filter>
    </ClInclude>
    <ClInclude Include="..\Classes\Enemies\Factories\BossEnemyFactory.h">
      <Filter>src\Enemies\Factories</Filter>
    </ClInclude>
    <ClInclude Include="..\Classes\Enemies\Factories\EnemyFactory.h">
      <Filter>src\Enemies\Factories</Filter>
    </ClInclude>
    <ClInclude Include="..\Classes\Enemies\Factories\SoldierEnemyFactory.h">
      <Filter>src\Enemies\Factories</Filter>
    </ClInclude>
    <ClInclude Include="..\Classes\Enemies\Factories\TankEnemyFactory.h">
      <Filter>src\Enemies\Factories</Filter>
    </ClInclude>
    <ClInclude Include="..\Classes\Enemies\BossEnemy.h">
      <Filter>src\Enemies</Filter>
    </ClInclude>
    <ClInclude Include="..\Classes\Enemies\Enemy.h">
      <Filter>src\Enemies</Filter>
    </ClInclude>
    <ClInclude Include="..\Classes\Enemies\SoldierEnemy.h">
      <Filter>src\Enemies</Filter>
    </ClInclude>
    <ClInclude Include="..\Classes\Enemies\TankEnemy.h">
      <Filter>src\Enemies</Filter>
    </ClInclude>
    <ClInclude Include="..\Classes\Tower\EnemyNotifyManager.h">
      <Filter>src\Tower</Filter>
    </ClInclude>
    <ClInclude Include="..\Classes\Tower\IEnemyObserver.h">
      <Filter>src\Tower</Filter>
    </ClInclude>
    <ClInclude Include="..\Classes\Bullet\BulletFactory.h">
      <Filter>src\Bullet</Filter>
    </ClInclude>
    <ClInclude Include="..\Classes\Tower\FlameTower.h">
      <Filter>src\Tower</Filter>
    </ClInclude>
    <ClInclude Include="..\Classes\Tower\FrostTower.h">
      <Filter>src\Tower</Filter>
    </ClInclude>
    <ClInclude Include="..\Classes\Tower\ElectroTower.h">
      <Filter>src\Tower</Filter>
    </ClInclude>
    <ClInclude Include="..\Classes\Tower\Tower.h">
      <Filter>src\Tower</Filter>
    </ClInclude>
  </ItemGroup>
  <ItemGroup>
    <ResourceCompile Include="game.rc">
      <Filter>resource</Filter>
    </ResourceCompile>
  </ItemGroup>
</Project>